
Microsoft Visual Studio Solution File, Format Version 12.00
# Visual Studio 14
VisualStudioVersion = 14.0.25123.0
MinimumVisualStudioVersion = 10.0.40219.1
Project("{FAE04EC0-301F-11D3-BF4B-00C04F79EFBC}") = "CifsStartupApp", "CifsStartupApp\CifsStartupApp.csproj", "{A86781EE-F520-4F0A-9AB2-4836A8118701}"
	ProjectSection(ProjectDependencies) = postProject
		{714F5A0E-8D69-4AE4-B37E-27657E4A904F} = {714F5A0E-8D69-4AE4-B37E-27657E4A904F}
		{395AC127-95CA-4508-9DC1-901335072A31} = {395AC127-95CA-4508-9DC1-901335072A31}
		{A8233B28-72BE-48EF-B9A8-CA9A0DA30D69} = {A8233B28-72BE-48EF-B9A8-CA9A0DA30D69}
		{B182BD54-4410-4D9F-A523-24B9A4E78E0E} = {B182BD54-4410-4D9F-A523-24B9A4E78E0E}
		{E3F5F975-0C8C-444D-AC52-193F57289499} = {E3F5F975-0C8C-444D-AC52-193F57289499}
		{EFEBCC76-A0B7-4B1C-B09A-C66CC8A41165} = {EFEBCC76-A0B7-4B1C-B09A-C66CC8A41165}
		{1B979A7B-2BD4-4D5A-91A5-8A30EE6C1CFE} = {1B979A7B-2BD4-4D5A-91A5-8A30EE6C1CFE}
		{3DD8857F-27E3-4CD1-9758-18CFE9879526} = {3DD8857F-27E3-4CD1-9758-18CFE9879526}
		{DD5587DA-45E1-461F-B42A-AA56ACDEE809} = {DD5587DA-45E1-461F-B42A-AA56ACDEE809}
		{3B2216F7-2772-454A-873B-0450ADA2BB99} = {3B2216F7-2772-454A-873B-0450ADA2BB99}
		{420464FF-1FF8-435A-BC9D-8EA2DFF7B8ED} = {420464FF-1FF8-435A-BC9D-8EA2DFF7B8ED}
	EndProjectSection
EndProject
Project("{FAE04EC0-301F-11D3-BF4B-00C04F79EFBC}") = "AddFollow", "AddFollow\AddFollow.csproj", "{A8233B28-72BE-48EF-B9A8-CA9A0DA30D69}"
	ProjectSection(ProjectDependencies) = postProject
		{714F5A0E-8D69-4AE4-B37E-27657E4A904F} = {714F5A0E-8D69-4AE4-B37E-27657E4A904F}
		{B182BD54-4410-4D9F-A523-24B9A4E78E0E} = {B182BD54-4410-4D9F-A523-24B9A4E78E0E}
		{E3F5F975-0C8C-444D-AC52-193F57289499} = {E3F5F975-0C8C-444D-AC52-193F57289499}
		{EFEBCC76-A0B7-4B1C-B09A-C66CC8A41165} = {EFEBCC76-A0B7-4B1C-B09A-C66CC8A41165}
		{1B979A7B-2BD4-4D5A-91A5-8A30EE6C1CFE} = {1B979A7B-2BD4-4D5A-91A5-8A30EE6C1CFE}
		{3DD8857F-27E3-4CD1-9758-18CFE9879526} = {3DD8857F-27E3-4CD1-9758-18CFE9879526}
		{DD5587DA-45E1-461F-B42A-AA56ACDEE809} = {DD5587DA-45E1-461F-B42A-AA56ACDEE809}
	EndProjectSection
EndProject
Project("{FAE04EC0-301F-11D3-BF4B-00C04F79EFBC}") = "GetHash", "GetHash\GetHash.csproj", "{395AC127-95CA-4508-9DC1-901335072A31}"
	ProjectSection(ProjectDependencies) = postProject
		{B182BD54-4410-4D9F-A523-24B9A4E78E0E} = {B182BD54-4410-4D9F-A523-24B9A4E78E0E}
		{E3F5F975-0C8C-444D-AC52-193F57289499} = {E3F5F975-0C8C-444D-AC52-193F57289499}
		{EFEBCC76-A0B7-4B1C-B09A-C66CC8A41165} = {EFEBCC76-A0B7-4B1C-B09A-C66CC8A41165}
		{1B979A7B-2BD4-4D5A-91A5-8A30EE6C1CFE} = {1B979A7B-2BD4-4D5A-91A5-8A30EE6C1CFE}
		{3DD8857F-27E3-4CD1-9758-18CFE9879526} = {3DD8857F-27E3-4CD1-9758-18CFE9879526}
		{DD5587DA-45E1-461F-B42A-AA56ACDEE809} = {DD5587DA-45E1-461F-B42A-AA56ACDEE809}
		{420464FF-1FF8-435A-BC9D-8EA2DFF7B8ED} = {420464FF-1FF8-435A-BC9D-8EA2DFF7B8ED}
	EndProjectSection
EndProject
Project("{FAE04EC0-301F-11D3-BF4B-00C04F79EFBC}") = "Utils", "Utils\Utils.csproj", "{E3F5F975-0C8C-444D-AC52-193F57289499}"
EndProject
Project("{FAE04EC0-301F-11D3-BF4B-00C04F79EFBC}") = "FileSystemBrackets", "FileSystemBrackets\FileSystemBrackets.csproj", "{1B979A7B-2BD4-4D5A-91A5-8A30EE6C1CFE}"
	ProjectSection(ProjectDependencies) = postProject
		{E3F5F975-0C8C-444D-AC52-193F57289499} = {E3F5F975-0C8C-444D-AC52-193F57289499}
	EndProjectSection
EndProject
Project("{FAE04EC0-301F-11D3-BF4B-00C04F79EFBC}") = "Constants", "Constants\Constants.csproj", "{DD5587DA-45E1-461F-B42A-AA56ACDEE809}"
	ProjectSection(ProjectDependencies) = postProject
		{E3F5F975-0C8C-444D-AC52-193F57289499} = {E3F5F975-0C8C-444D-AC52-193F57289499}
	EndProjectSection
EndProject
Project("{FAE04EC0-301F-11D3-BF4B-00C04F79EFBC}") = "Gui", "Gui\Gui.csproj", "{EFEBCC76-A0B7-4B1C-B09A-C66CC8A41165}"
EndProject
Project("{FAE04EC0-301F-11D3-BF4B-00C04F79EFBC}") = "FileSystem", "FileSystem\FileSystem.csproj", "{B182BD54-4410-4D9F-A523-24B9A4E78E0E}"
	ProjectSection(ProjectDependencies) = postProject
		{E3F5F975-0C8C-444D-AC52-193F57289499} = {E3F5F975-0C8C-444D-AC52-193F57289499}
		{1B979A7B-2BD4-4D5A-91A5-8A30EE6C1CFE} = {1B979A7B-2BD4-4D5A-91A5-8A30EE6C1CFE}
		{DD5587DA-45E1-461F-B42A-AA56ACDEE809} = {DD5587DA-45E1-461F-B42A-AA56ACDEE809}
	EndProjectSection
EndProject
Project("{FAE04EC0-301F-11D3-BF4B-00C04F79EFBC}") = "Dokan", "Dokan\Dokan.csproj", "{420464FF-1FF8-435A-BC9D-8EA2DFF7B8ED}"
	ProjectSection(ProjectDependencies) = postProject
		{714F5A0E-8D69-4AE4-B37E-27657E4A904F} = {714F5A0E-8D69-4AE4-B37E-27657E4A904F}
		{B182BD54-4410-4D9F-A523-24B9A4E78E0E} = {B182BD54-4410-4D9F-A523-24B9A4E78E0E}
		{E3F5F975-0C8C-444D-AC52-193F57289499} = {E3F5F975-0C8C-444D-AC52-193F57289499}
		{1B979A7B-2BD4-4D5A-91A5-8A30EE6C1CFE} = {1B979A7B-2BD4-4D5A-91A5-8A30EE6C1CFE}
		{3DD8857F-27E3-4CD1-9758-18CFE9879526} = {3DD8857F-27E3-4CD1-9758-18CFE9879526}
		{DD5587DA-45E1-461F-B42A-AA56ACDEE809} = {DD5587DA-45E1-461F-B42A-AA56ACDEE809}
	EndProjectSection
EndProject
Project("{FAE04EC0-301F-11D3-BF4B-00C04F79EFBC}") = "CifsPreferences", "CifsPreferences\CifsPreferences.csproj", "{3B2216F7-2772-454A-873B-0450ADA2BB99}"
	ProjectSection(ProjectDependencies) = postProject
		{714F5A0E-8D69-4AE4-B37E-27657E4A904F} = {714F5A0E-8D69-4AE4-B37E-27657E4A904F}
		{B182BD54-4410-4D9F-A523-24B9A4E78E0E} = {B182BD54-4410-4D9F-A523-24B9A4E78E0E}
		{E3F5F975-0C8C-444D-AC52-193F57289499} = {E3F5F975-0C8C-444D-AC52-193F57289499}
		{EFEBCC76-A0B7-4B1C-B09A-C66CC8A41165} = {EFEBCC76-A0B7-4B1C-B09A-C66CC8A41165}
		{1B979A7B-2BD4-4D5A-91A5-8A30EE6C1CFE} = {1B979A7B-2BD4-4D5A-91A5-8A30EE6C1CFE}
		{3DD8857F-27E3-4CD1-9758-18CFE9879526} = {3DD8857F-27E3-4CD1-9758-18CFE9879526}
		{DD5587DA-45E1-461F-B42A-AA56ACDEE809} = {DD5587DA-45E1-461F-B42A-AA56ACDEE809}
	EndProjectSection
EndProject
Project("{FAE04EC0-301F-11D3-BF4B-00C04F79EFBC}") = "UnitTests", "UnitTests\UnitTests.csproj", "{C9285B2B-1D5A-455E-85D6-9148D634F365}"
	ProjectSection(ProjectDependencies) = postProject
		{714F5A0E-8D69-4AE4-B37E-27657E4A904F} = {714F5A0E-8D69-4AE4-B37E-27657E4A904F}
		{395AC127-95CA-4508-9DC1-901335072A31} = {395AC127-95CA-4508-9DC1-901335072A31}
		{A8233B28-72BE-48EF-B9A8-CA9A0DA30D69} = {A8233B28-72BE-48EF-B9A8-CA9A0DA30D69}
		{B182BD54-4410-4D9F-A523-24B9A4E78E0E} = {B182BD54-4410-4D9F-A523-24B9A4E78E0E}
		{E3F5F975-0C8C-444D-AC52-193F57289499} = {E3F5F975-0C8C-444D-AC52-193F57289499}
		{EFEBCC76-A0B7-4B1C-B09A-C66CC8A41165} = {EFEBCC76-A0B7-4B1C-B09A-C66CC8A41165}
		{1B979A7B-2BD4-4D5A-91A5-8A30EE6C1CFE} = {1B979A7B-2BD4-4D5A-91A5-8A30EE6C1CFE}
		{3DD8857F-27E3-4CD1-9758-18CFE9879526} = {3DD8857F-27E3-4CD1-9758-18CFE9879526}
		{DD5587DA-45E1-461F-B42A-AA56ACDEE809} = {DD5587DA-45E1-461F-B42A-AA56ACDEE809}
		{A86781EE-F520-4F0A-9AB2-4836A8118701} = {A86781EE-F520-4F0A-9AB2-4836A8118701}
		{3B2216F7-2772-454A-873B-0450ADA2BB99} = {3B2216F7-2772-454A-873B-0450ADA2BB99}
		{420464FF-1FF8-435A-BC9D-8EA2DFF7B8ED} = {420464FF-1FF8-435A-BC9D-8EA2DFF7B8ED}
	EndProjectSection
EndProject
Project("{FAE04EC0-301F-11D3-BF4B-00C04F79EFBC}") = "Agents", "Agents\Agents.csproj", "{3DD8857F-27E3-4CD1-9758-18CFE9879526}"
	ProjectSection(ProjectDependencies) = postProject
		{E3F5F975-0C8C-444D-AC52-193F57289499} = {E3F5F975-0C8C-444D-AC52-193F57289499}
	EndProjectSection
EndProject
Project("{FAE04EC0-301F-11D3-BF4B-00C04F79EFBC}") = "Communication", "Communication\Communication.csproj", "{714F5A0E-8D69-4AE4-B37E-27657E4A904F}"
	ProjectSection(ProjectDependencies) = postProject
		{B182BD54-4410-4D9F-A523-24B9A4E78E0E} = {B182BD54-4410-4D9F-A523-24B9A4E78E0E}
		{E3F5F975-0C8C-444D-AC52-193F57289499} = {E3F5F975-0C8C-444D-AC52-193F57289499}
		{3DD8857F-27E3-4CD1-9758-18CFE9879526} = {3DD8857F-27E3-4CD1-9758-18CFE9879526}
		{DD5587DA-45E1-461F-B42A-AA56ACDEE809} = {DD5587DA-45E1-461F-B42A-AA56ACDEE809}
	EndProjectSection
EndProject
Project("{FAE04EC0-301F-11D3-BF4B-00C04F79EFBC}") = "OverlayIcon", "OverlayIcon\OverlayIcon.csproj", "{CB7FC7C1-0A92-448E-B9D7-ABB70B514F25}"
	ProjectSection(ProjectDependencies) = postProject
		{E3F5F975-0C8C-444D-AC52-193F57289499} = {E3F5F975-0C8C-444D-AC52-193F57289499}
		{3DD8857F-27E3-4CD1-9758-18CFE9879526} = {3DD8857F-27E3-4CD1-9758-18CFE9879526}
		{DD5587DA-45E1-461F-B42A-AA56ACDEE809} = {DD5587DA-45E1-461F-B42A-AA56ACDEE809}
		{A86781EE-F520-4F0A-9AB2-4836A8118701} = {A86781EE-F520-4F0A-9AB2-4836A8118701}
		{3B2216F7-2772-454A-873B-0450ADA2BB99} = {3B2216F7-2772-454A-873B-0450ADA2BB99}
	EndProjectSection
EndProject
Global
	GlobalSection(Performance) = preSolution
		HasPerformanceSessions = true
	EndGlobalSection
	GlobalSection(SolutionConfigurationPlatforms) = preSolution
		Debug|Any CPU = Debug|Any CPU
		Release|Any CPU = Release|Any CPU
	EndGlobalSection
	GlobalSection(ProjectConfigurationPlatforms) = postSolution
		{A86781EE-F520-4F0A-9AB2-4836A8118701}.Debug|Any CPU.ActiveCfg = Debug|Any CPU
		{A86781EE-F520-4F0A-9AB2-4836A8118701}.Debug|Any CPU.Build.0 = Debug|Any CPU
		{A86781EE-F520-4F0A-9AB2-4836A8118701}.Release|Any CPU.ActiveCfg = Release|Any CPU
		{A86781EE-F520-4F0A-9AB2-4836A8118701}.Release|Any CPU.Build.0 = Release|Any CPU
		{A8233B28-72BE-48EF-B9A8-CA9A0DA30D69}.Debug|Any CPU.ActiveCfg = Debug|Any CPU
		{A8233B28-72BE-48EF-B9A8-CA9A0DA30D69}.Debug|Any CPU.Build.0 = Debug|Any CPU
		{A8233B28-72BE-48EF-B9A8-CA9A0DA30D69}.Release|Any CPU.ActiveCfg = Release|Any CPU
		{A8233B28-72BE-48EF-B9A8-CA9A0DA30D69}.Release|Any CPU.Build.0 = Release|Any CPU
		{395AC127-95CA-4508-9DC1-901335072A31}.Debug|Any CPU.ActiveCfg = Debug|Any CPU
		{395AC127-95CA-4508-9DC1-901335072A31}.Debug|Any CPU.Build.0 = Debug|Any CPU
		{395AC127-95CA-4508-9DC1-901335072A31}.Release|Any CPU.ActiveCfg = Release|Any CPU
		{395AC127-95CA-4508-9DC1-901335072A31}.Release|Any CPU.Build.0 = Release|Any CPU
		{E3F5F975-0C8C-444D-AC52-193F57289499}.Debug|Any CPU.ActiveCfg = Debug|Any CPU
		{E3F5F975-0C8C-444D-AC52-193F57289499}.Debug|Any CPU.Build.0 = Debug|Any CPU
		{E3F5F975-0C8C-444D-AC52-193F57289499}.Release|Any CPU.ActiveCfg = Release|Any CPU
		{E3F5F975-0C8C-444D-AC52-193F57289499}.Release|Any CPU.Build.0 = Release|Any CPU
		{1B979A7B-2BD4-4D5A-91A5-8A30EE6C1CFE}.Debug|Any CPU.ActiveCfg = Debug|Any CPU
		{1B979A7B-2BD4-4D5A-91A5-8A30EE6C1CFE}.Debug|Any CPU.Build.0 = Debug|Any CPU
		{1B979A7B-2BD4-4D5A-91A5-8A30EE6C1CFE}.Release|Any CPU.ActiveCfg = Release|Any CPU
		{1B979A7B-2BD4-4D5A-91A5-8A30EE6C1CFE}.Release|Any CPU.Build.0 = Release|Any CPU
		{DD5587DA-45E1-461F-B42A-AA56ACDEE809}.Debug|Any CPU.ActiveCfg = Debug|Any CPU
		{DD5587DA-45E1-461F-B42A-AA56ACDEE809}.Debug|Any CPU.Build.0 = Debug|Any CPU
		{DD5587DA-45E1-461F-B42A-AA56ACDEE809}.Release|Any CPU.ActiveCfg = Release|Any CPU
		{DD5587DA-45E1-461F-B42A-AA56ACDEE809}.Release|Any CPU.Build.0 = Release|Any CPU
		{EFEBCC76-A0B7-4B1C-B09A-C66CC8A41165}.Debug|Any CPU.ActiveCfg = Debug|Any CPU
		{EFEBCC76-A0B7-4B1C-B09A-C66CC8A41165}.Debug|Any CPU.Build.0 = Debug|Any CPU
		{EFEBCC76-A0B7-4B1C-B09A-C66CC8A41165}.Release|Any CPU.ActiveCfg = Release|Any CPU
		{EFEBCC76-A0B7-4B1C-B09A-C66CC8A41165}.Release|Any CPU.Build.0 = Release|Any CPU
		{B182BD54-4410-4D9F-A523-24B9A4E78E0E}.Debug|Any CPU.ActiveCfg = Debug|Any CPU
		{B182BD54-4410-4D9F-A523-24B9A4E78E0E}.Debug|Any CPU.Build.0 = Debug|Any CPU
		{B182BD54-4410-4D9F-A523-24B9A4E78E0E}.Release|Any CPU.ActiveCfg = Release|Any CPU
		{B182BD54-4410-4D9F-A523-24B9A4E78E0E}.Release|Any CPU.Build.0 = Release|Any CPU
		{420464FF-1FF8-435A-BC9D-8EA2DFF7B8ED}.Debug|Any CPU.ActiveCfg = Debug|Any CPU
		{420464FF-1FF8-435A-BC9D-8EA2DFF7B8ED}.Debug|Any CPU.Build.0 = Debug|Any CPU
		{420464FF-1FF8-435A-BC9D-8EA2DFF7B8ED}.Release|Any CPU.ActiveCfg = Release|Any CPU
		{420464FF-1FF8-435A-BC9D-8EA2DFF7B8ED}.Release|Any CPU.Build.0 = Release|Any CPU
		{3B2216F7-2772-454A-873B-0450ADA2BB99}.Debug|Any CPU.ActiveCfg = Debug|Any CPU
		{3B2216F7-2772-454A-873B-0450ADA2BB99}.Debug|Any CPU.Build.0 = Debug|Any CPU
		{3B2216F7-2772-454A-873B-0450ADA2BB99}.Release|Any CPU.ActiveCfg = Release|Any CPU
		{3B2216F7-2772-454A-873B-0450ADA2BB99}.Release|Any CPU.Build.0 = Release|Any CPU
		{C9285B2B-1D5A-455E-85D6-9148D634F365}.Debug|Any CPU.ActiveCfg = Debug|Any CPU
		{C9285B2B-1D5A-455E-85D6-9148D634F365}.Debug|Any CPU.Build.0 = Debug|Any CPU
		{C9285B2B-1D5A-455E-85D6-9148D634F365}.Release|Any CPU.ActiveCfg = Release|Any CPU
		{C9285B2B-1D5A-455E-85D6-9148D634F365}.Release|Any CPU.Build.0 = Release|Any CPU
		{3DD8857F-27E3-4CD1-9758-18CFE9879526}.Debug|Any CPU.ActiveCfg = Debug|Any CPU
		{3DD8857F-27E3-4CD1-9758-18CFE9879526}.Debug|Any CPU.Build.0 = Debug|Any CPU
		{3DD8857F-27E3-4CD1-9758-18CFE9879526}.Release|Any CPU.ActiveCfg = Release|Any CPU
		{3DD8857F-27E3-4CD1-9758-18CFE9879526}.Release|Any CPU.Build.0 = Release|Any CPU
		{714F5A0E-8D69-4AE4-B37E-27657E4A904F}.Debug|Any CPU.ActiveCfg = Debug|Any CPU
		{714F5A0E-8D69-4AE4-B37E-27657E4A904F}.Debug|Any CPU.Build.0 = Debug|Any CPU
		{714F5A0E-8D69-4AE4-B37E-27657E4A904F}.Release|Any CPU.ActiveCfg = Release|Any CPU
		{714F5A0E-8D69-4AE4-B37E-27657E4A904F}.Release|Any CPU.Build.0 = Release|Any CPU
		{CB7FC7C1-0A92-448E-B9D7-ABB70B514F25}.Debug|Any CPU.ActiveCfg = Debug|Any CPU
		{CB7FC7C1-0A92-448E-B9D7-ABB70B514F25}.Debug|Any CPU.Build.0 = Debug|Any CPU
		{CB7FC7C1-0A92-448E-B9D7-ABB70B514F25}.Release|Any CPU.ActiveCfg = Release|Any CPU
		{CB7FC7C1-0A92-448E-B9D7-ABB70B514F25}.Release|Any CPU.Build.0 = Release|Any CPU
	EndGlobalSection
	GlobalSection(SolutionProperties) = preSolution
		HideSolutionNode = FALSE
	EndGlobalSection
EndGlobal
